
Microsoft Visual Studio Solution File, Format Version 12.00
# Visual Studio 2012
Project("{FAE04EC0-301F-11D3-BF4B-00C04F79EFBC}") = "PatternProblems", "PatternProblems\PatternProblems.csproj", "{FD660C47-DBD7-495C-AA06-192604BF8EDC}"
EndProject
Global
	GlobalSection(SolutionConfigurationPlatforms) = preSolution
		Debug|Any CPU = Debug|Any CPU
		Release|Any CPU = Release|Any CPU
	EndGlobalSection
	GlobalSection(ProjectConfigurationPlatforms) = postSolution
		{FD660C47-DBD7-495C-AA06-192604BF8EDC}.Debug|Any CPU.ActiveCfg = Debug|Any CPU
		{FD660C47-DBD7-495C-AA06-192604BF8EDC}.Debug|Any CPU.Build.0 = Debug|Any CPU
		{FD660C47-DBD7-495C-AA06-192604BF8EDC}.Release|Any CPU.ActiveCfg = Release|Any CPU
		{FD660C47-DBD7-495C-AA06-192604BF8EDC}.Release|Any CPU.Build.0 = Release|Any CPU
	EndGlobalSection
	GlobalSection(SolutionProperties) = preSolution
		HideSolutionNode = FALSE
	EndGlobalSection
EndGlobal
